
Microsoft Visual Studio Solution File, Format Version 12.00
# Visual Studio Version 16
VisualStudioVersion = 16.0.30011.22
MinimumVisualStudioVersion = 10.0.40219.1
Project("{2150E333-8FDC-42A3-9474-1A3956D46DE8}") = "Task1.1", "Task1.1", "{9DF2AA03-157E-46B6-A0D4-808BE51C2A3D}"
EndProject
Project("{FAE04EC0-301F-11D3-BF4B-00C04F79EFBC}") = "Task1", "Task1.1\Task1\Task1.csproj", "{E2769F6C-92B5-44A6-95B6-864E580A6072}"
EndProject
Project("{2150E333-8FDC-42A3-9474-1A3956D46DE8}") = "Task1.2", "Task1.2", "{8FECDB3A-D82C-4891-B72B-B1F41F1836DF}"
EndProject
Project("{FAE04EC0-301F-11D3-BF4B-00C04F79EFBC}") = "Task1", "Task1.2\Task1\Task1.csproj", "{397CC6E1-1B88-45CC-8D27-EC0DA57F5C45}"
EndProject
Project("{FAE04EC0-301F-11D3-BF4B-00C04F79EFBC}") = "Common", "Task1.1\Handler\Common.csproj", "{DF8016EC-B4C1-43B1-82FC-13DFDEE80BE2}"
EndProject
Project("{FAE04EC0-301F-11D3-BF4B-00C04F79EFBC}") = "Task2", "Task1.1\Task2\Task2.csproj", "{1D284ACA-B137-4658-913C-5400A2AE80C2}"
EndProject
Project("{FAE04EC0-301F-11D3-BF4B-00C04F79EFBC}") = "Task3", "Task1.1\Task3\Task3.csproj", "{995C9E34-43B8-4C41-9AA5-805EC4C6B3A3}"
EndProject
Project("{FAE04EC0-301F-11D3-BF4B-00C04F79EFBC}") = "Task4", "Task1.1\Task4\Task4.csproj", "{A465EB8D-0B7C-4EF4-A0B8-B85E1ED2CF38}"
EndProject
Global
	GlobalSection(SolutionConfigurationPlatforms) = preSolution
		Debug|Any CPU = Debug|Any CPU
		Release|Any CPU = Release|Any CPU
	EndGlobalSection
	GlobalSection(ProjectConfigurationPlatforms) = postSolution
		{E2769F6C-92B5-44A6-95B6-864E580A6072}.Debug|Any CPU.ActiveCfg = Debug|Any CPU
		{E2769F6C-92B5-44A6-95B6-864E580A6072}.Debug|Any CPU.Build.0 = Debug|Any CPU
		{E2769F6C-92B5-44A6-95B6-864E580A6072}.Release|Any CPU.ActiveCfg = Release|Any CPU
		{E2769F6C-92B5-44A6-95B6-864E580A6072}.Release|Any CPU.Build.0 = Release|Any CPU
		{397CC6E1-1B88-45CC-8D27-EC0DA57F5C45}.Debug|Any CPU.ActiveCfg = Debug|Any CPU
		{397CC6E1-1B88-45CC-8D27-EC0DA57F5C45}.Debug|Any CPU.Build.0 = Debug|Any CPU
		{397CC6E1-1B88-45CC-8D27-EC0DA57F5C45}.Release|Any CPU.ActiveCfg = Release|Any CPU
		{397CC6E1-1B88-45CC-8D27-EC0DA57F5C45}.Release|Any CPU.Build.0 = Release|Any CPU
		{DF8016EC-B4C1-43B1-82FC-13DFDEE80BE2}.Debug|Any CPU.ActiveCfg = Debug|Any CPU
		{DF8016EC-B4C1-43B1-82FC-13DFDEE80BE2}.Debug|Any CPU.Build.0 = Debug|Any CPU
		{DF8016EC-B4C1-43B1-82FC-13DFDEE80BE2}.Release|Any CPU.ActiveCfg = Release|Any CPU
		{DF8016EC-B4C1-43B1-82FC-13DFDEE80BE2}.Release|Any CPU.Build.0 = Release|Any CPU
		{1D284ACA-B137-4658-913C-5400A2AE80C2}.Debug|Any CPU.ActiveCfg = Debug|Any CPU
		{1D284ACA-B137-4658-913C-5400A2AE80C2}.Debug|Any CPU.Build.0 = Debug|Any CPU
		{1D284ACA-B137-4658-913C-5400A2AE80C2}.Release|Any CPU.ActiveCfg = Release|Any CPU
		{1D284ACA-B137-4658-913C-5400A2AE80C2}.Release|Any CPU.Build.0 = Release|Any CPU
		{995C9E34-43B8-4C41-9AA5-805EC4C6B3A3}.Debug|Any CPU.ActiveCfg = Debug|Any CPU
		{995C9E34-43B8-4C41-9AA5-805EC4C6B3A3}.Debug|Any CPU.Build.0 = Debug|Any CPU
		{995C9E34-43B8-4C41-9AA5-805EC4C6B3A3}.Release|Any CPU.ActiveCfg = Release|Any CPU
		{995C9E34-43B8-4C41-9AA5-805EC4C6B3A3}.Release|Any CPU.Build.0 = Release|Any CPU
		{A465EB8D-0B7C-4EF4-A0B8-B85E1ED2CF38}.Debug|Any CPU.ActiveCfg = Debug|Any CPU
		{A465EB8D-0B7C-4EF4-A0B8-B85E1ED2CF38}.Debug|Any CPU.Build.0 = Debug|Any CPU
		{A465EB8D-0B7C-4EF4-A0B8-B85E1ED2CF38}.Release|Any CPU.ActiveCfg = Release|Any CPU
		{A465EB8D-0B7C-4EF4-A0B8-B85E1ED2CF38}.Release|Any CPU.Build.0 = Release|Any CPU
	EndGlobalSection
	GlobalSection(SolutionProperties) = preSolution
		HideSolutionNode = FALSE
	EndGlobalSection
	GlobalSection(NestedProjects) = preSolution
		{E2769F6C-92B5-44A6-95B6-864E580A6072} = {9DF2AA03-157E-46B6-A0D4-808BE51C2A3D}
		{397CC6E1-1B88-45CC-8D27-EC0DA57F5C45} = {8FECDB3A-D82C-4891-B72B-B1F41F1836DF}
		{DF8016EC-B4C1-43B1-82FC-13DFDEE80BE2} = {9DF2AA03-157E-46B6-A0D4-808BE51C2A3D}
		{1D284ACA-B137-4658-913C-5400A2AE80C2} = {9DF2AA03-157E-46B6-A0D4-808BE51C2A3D}
		{995C9E34-43B8-4C41-9AA5-805EC4C6B3A3} = {9DF2AA03-157E-46B6-A0D4-808BE51C2A3D}
		{A465EB8D-0B7C-4EF4-A0B8-B85E1ED2CF38} = {9DF2AA03-157E-46B6-A0D4-808BE51C2A3D}
	EndGlobalSection
	GlobalSection(ExtensibilityGlobals) = postSolution
		SolutionGuid = {C41754A3-DAF5-463D-B88D-E62407A1A4EC}
	EndGlobalSection
EndGlobal
