
Microsoft Visual Studio Solution File, Format Version 12.00
# Visual Studio Version 16
VisualStudioVersion = 16.0.30406.217
MinimumVisualStudioVersion = 10.0.40219.1
Project("{2150E333-8FDC-42A3-9474-1A3956D46DE8}") = "ThreeLayer.BLL", "ThreeLayer.BLL", "{E282F2EA-F9AF-4002-8AEC-12F74D2AE3C5}"
EndProject
Project("{2150E333-8FDC-42A3-9474-1A3956D46DE8}") = "ThreeLayer.DAL", "ThreeLayer.DAL", "{6E920731-3FF7-46FA-92C2-C038F4041AC2}"
EndProject
Project("{2150E333-8FDC-42A3-9474-1A3956D46DE8}") = "ThreeLayer.PL", "ThreeLayer.PL", "{CEB78815-323E-4736-B2F3-E0F625E26B36}"
EndProject
Project("{2150E333-8FDC-42A3-9474-1A3956D46DE8}") = "ThreeLayer.Common", "ThreeLayer.Common", "{4703F132-D78C-4171-8472-E4D400EE5947}"
EndProject
Project("{FAE04EC0-301F-11D3-BF4B-00C04F79EFBC}") = "ThreeLayer.Common.Entities", "ThreeLayer.Common.Entities\ThreeLayer.Common.Entities.csproj", "{3BDDF7D4-5C32-48FE-A3DE-B313C1772835}"
EndProject
Project("{FAE04EC0-301F-11D3-BF4B-00C04F79EFBC}") = "ThreeLayer.BLL.UsersLogic", "ThreeLayer.BLL.UsersLogic\ThreeLayer.BLL.UsersLogic.csproj", "{2C5DE4A9-DF38-407E-AF2F-CBDFABA382D1}"
EndProject
Project("{FAE04EC0-301F-11D3-BF4B-00C04F79EFBC}") = "ThreeLayer.BLL.UsersLogicContracts", "ThreeLayer.BLL.UsersLogicContracts\ThreeLayer.BLL.UsersLogicContracts.csproj", "{4BEC0C7B-6201-4D16-BD70-0600D6DAD9FD}"
EndProject
Project("{FAE04EC0-301F-11D3-BF4B-00C04F79EFBC}") = "ThreeLayer.DAL.Contracts", "ThreeLayer.DAL.Contracts\ThreeLayer.DAL.Contracts.csproj", "{0928E0B2-D92B-4A0B-9999-9D6A48A68D00}"
EndProject
Project("{FAE04EC0-301F-11D3-BF4B-00C04F79EFBC}") = "ThreeLayer.DAL.Xml", "ThreeLayer.DAL.Xml\ThreeLayer.DAL.Xml.csproj", "{4F677B6F-FEAF-459D-BFBA-7FB9465AA4DD}"
EndProject
Project("{FAE04EC0-301F-11D3-BF4B-00C04F79EFBC}") = "ThreeLayers.DAL.Entities", "ThreeLayers.DAL.Entities\ThreeLayers.DAL.Entities.csproj", "{B268ADC4-F5A7-4A4B-930B-34ED93C03394}"
EndProject
Project("{2150E333-8FDC-42A3-9474-1A3956D46DE8}") = "Console", "Console", "{93800325-8B1A-49AE-B67D-E37C1667E446}"
EndProject
Project("{FAE04EC0-301F-11D3-BF4B-00C04F79EFBC}") = "ThreeLayer.PL.Console", "ThreeLayer.PL.Console\ThreeLayer.PL.Console.csproj", "{C4E9DAB9-3B4E-411B-BD43-8DCD04AC5051}"
EndProject
Global
	GlobalSection(SolutionConfigurationPlatforms) = preSolution
		Debug|Any CPU = Debug|Any CPU
		Release|Any CPU = Release|Any CPU
	EndGlobalSection
	GlobalSection(ProjectConfigurationPlatforms) = postSolution
		{3BDDF7D4-5C32-48FE-A3DE-B313C1772835}.Debug|Any CPU.ActiveCfg = Debug|Any CPU
		{3BDDF7D4-5C32-48FE-A3DE-B313C1772835}.Debug|Any CPU.Build.0 = Debug|Any CPU
		{3BDDF7D4-5C32-48FE-A3DE-B313C1772835}.Release|Any CPU.ActiveCfg = Release|Any CPU
		{3BDDF7D4-5C32-48FE-A3DE-B313C1772835}.Release|Any CPU.Build.0 = Release|Any CPU
		{2C5DE4A9-DF38-407E-AF2F-CBDFABA382D1}.Debug|Any CPU.ActiveCfg = Debug|Any CPU
		{2C5DE4A9-DF38-407E-AF2F-CBDFABA382D1}.Debug|Any CPU.Build.0 = Debug|Any CPU
		{2C5DE4A9-DF38-407E-AF2F-CBDFABA382D1}.Release|Any CPU.ActiveCfg = Release|Any CPU
		{2C5DE4A9-DF38-407E-AF2F-CBDFABA382D1}.Release|Any CPU.Build.0 = Release|Any CPU
		{4BEC0C7B-6201-4D16-BD70-0600D6DAD9FD}.Debug|Any CPU.ActiveCfg = Debug|Any CPU
		{4BEC0C7B-6201-4D16-BD70-0600D6DAD9FD}.Debug|Any CPU.Build.0 = Debug|Any CPU
		{4BEC0C7B-6201-4D16-BD70-0600D6DAD9FD}.Release|Any CPU.ActiveCfg = Release|Any CPU
		{4BEC0C7B-6201-4D16-BD70-0600D6DAD9FD}.Release|Any CPU.Build.0 = Release|Any CPU
		{0928E0B2-D92B-4A0B-9999-9D6A48A68D00}.Debug|Any CPU.ActiveCfg = Debug|Any CPU
		{0928E0B2-D92B-4A0B-9999-9D6A48A68D00}.Debug|Any CPU.Build.0 = Debug|Any CPU
		{0928E0B2-D92B-4A0B-9999-9D6A48A68D00}.Release|Any CPU.ActiveCfg = Release|Any CPU
		{0928E0B2-D92B-4A0B-9999-9D6A48A68D00}.Release|Any CPU.Build.0 = Release|Any CPU
		{4F677B6F-FEAF-459D-BFBA-7FB9465AA4DD}.Debug|Any CPU.ActiveCfg = Debug|Any CPU
		{4F677B6F-FEAF-459D-BFBA-7FB9465AA4DD}.Debug|Any CPU.Build.0 = Debug|Any CPU
		{4F677B6F-FEAF-459D-BFBA-7FB9465AA4DD}.Release|Any CPU.ActiveCfg = Release|Any CPU
		{4F677B6F-FEAF-459D-BFBA-7FB9465AA4DD}.Release|Any CPU.Build.0 = Release|Any CPU
		{B268ADC4-F5A7-4A4B-930B-34ED93C03394}.Debug|Any CPU.ActiveCfg = Debug|Any CPU
		{B268ADC4-F5A7-4A4B-930B-34ED93C03394}.Debug|Any CPU.Build.0 = Debug|Any CPU
		{B268ADC4-F5A7-4A4B-930B-34ED93C03394}.Release|Any CPU.ActiveCfg = Release|Any CPU
		{B268ADC4-F5A7-4A4B-930B-34ED93C03394}.Release|Any CPU.Build.0 = Release|Any CPU
		{C4E9DAB9-3B4E-411B-BD43-8DCD04AC5051}.Debug|Any CPU.ActiveCfg = Debug|Any CPU
		{C4E9DAB9-3B4E-411B-BD43-8DCD04AC5051}.Debug|Any CPU.Build.0 = Debug|Any CPU
		{C4E9DAB9-3B4E-411B-BD43-8DCD04AC5051}.Release|Any CPU.ActiveCfg = Release|Any CPU
		{C4E9DAB9-3B4E-411B-BD43-8DCD04AC5051}.Release|Any CPU.Build.0 = Release|Any CPU
	EndGlobalSection
	GlobalSection(SolutionProperties) = preSolution
		HideSolutionNode = FALSE
	EndGlobalSection
	GlobalSection(NestedProjects) = preSolution
		{3BDDF7D4-5C32-48FE-A3DE-B313C1772835} = {4703F132-D78C-4171-8472-E4D400EE5947}
		{2C5DE4A9-DF38-407E-AF2F-CBDFABA382D1} = {E282F2EA-F9AF-4002-8AEC-12F74D2AE3C5}
		{4BEC0C7B-6201-4D16-BD70-0600D6DAD9FD} = {E282F2EA-F9AF-4002-8AEC-12F74D2AE3C5}
		{0928E0B2-D92B-4A0B-9999-9D6A48A68D00} = {6E920731-3FF7-46FA-92C2-C038F4041AC2}
		{4F677B6F-FEAF-459D-BFBA-7FB9465AA4DD} = {6E920731-3FF7-46FA-92C2-C038F4041AC2}
		{B268ADC4-F5A7-4A4B-930B-34ED93C03394} = {6E920731-3FF7-46FA-92C2-C038F4041AC2}
		{93800325-8B1A-49AE-B67D-E37C1667E446} = {CEB78815-323E-4736-B2F3-E0F625E26B36}
		{C4E9DAB9-3B4E-411B-BD43-8DCD04AC5051} = {93800325-8B1A-49AE-B67D-E37C1667E446}
	EndGlobalSection
	GlobalSection(ExtensibilityGlobals) = postSolution
		SolutionGuid = {A4279F9E-108E-47C0-AAE1-1F5F3BB03BF2}
	EndGlobalSection
EndGlobal
